// !$*UTF8*$!
{
	archiveVersion = 1;
	classes = {
	};
	objectVersion = 50;
	objects = {

/* Begin PBXBuildFile section */
		162AE7A325EB49D700514727 /* Badly Drawn Dinos StickerPackExtension.appex in Embed App Extensions */ = {isa = PBXBuildFile; fileRef = 162AE7A225EB49D700514727 /* Badly Drawn Dinos StickerPackExtension.appex */; settings = {ATTRIBUTES = (RemoveHeadersOnCopy, ); }; };
		162AE7A725EB49D700514727 /* Stickers.xcstickers in Resources */ = {isa = PBXBuildFile; fileRef = 162AE7A625EB49D700514727 /* Stickers.xcstickers */; };
		162AE7A825EB49D700514727 /* Stickers.xcstickers in Resources */ = {isa = PBXBuildFile; fileRef = 162AE7A625EB49D700514727 /* Stickers.xcstickers */; };
/* End PBXBuildFile section */

/* Begin PBXContainerItemProxy section */
		162AE7A425EB49D700514727 /* PBXContainerItemProxy */ = {
			isa = PBXContainerItemProxy;
			containerPortal = 162AE79825EB49D700514727 /* Project object */;
			proxyType = 1;
			remoteGlobalIDString = 162AE7A125EB49D700514727;
			remoteInfo = "Badly Drawn Dinos StickerPackExtension";
		};
/* End PBXContainerItemProxy section */

/* Begin PBXCopyFilesBuildPhase section */
		162AE7AE25EB49D700514727 /* Embed App Extensions */ = {
			isa = PBXCopyFilesBuildPhase;
			buildActionMask = 2147483647;
			dstPath = "";
			dstSubfolderSpec = 13;
			files = (
				162AE7A325EB49D700514727 /* Badly Drawn Dinos StickerPackExtension.appex in Embed App Extensions */,
			);
			name = "Embed App Extensions";
			runOnlyForDeploymentPostprocessing = 0;
		};
/* End PBXCopyFilesBuildPhase section */

/* Begin PBXFileReference section */
		162AE79E25EB49D700514727 /* Badly Drawn Dinos.app */ = {isa = PBXFileReference; explicitFileType = wrapper.application; includeInIndex = 0; path = "Badly Drawn Dinos.app"; sourceTree = BUILT_PRODUCTS_DIR; };
		162AE7A225EB49D700514727 /* Badly Drawn Dinos StickerPackExtension.appex */ = {isa = PBXFileReference; explicitFileType = "wrapper.app-extension"; includeInIndex = 0; path = "Badly Drawn Dinos StickerPackExtension.appex"; sourceTree = BUILT_PRODUCTS_DIR; };
		162AE7A625EB49D700514727 /* Stickers.xcstickers */ = {isa = PBXFileReference; lastKnownFileType = folder.stickers; name = Stickers.xcstickers; path = "Badly Drawn Dinos StickerPackExtension/Stickers.xcstickers"; sourceTree = "<group>"; };
/* End PBXFileReference section */

/* Begin PBXGroup section */
		162AE79725EB49D700514727 = {
			isa = PBXGroup;
			children = (
				162AE7A625EB49D700514727 /* Stickers.xcstickers */,
				162AE79F25EB49D700514727 /* Products */,
			);
			sourceTree = "<group>";
		};
		162AE79F25EB49D700514727 /* Products */ = {
			isa = PBXGroup;
			children = (
				162AE79E25EB49D700514727 /* Badly Drawn Dinos.app */,
				162AE7A225EB49D700514727 /* Badly Drawn Dinos StickerPackExtension.appex */,
			);
			name = Products;
			sourceTree = "<group>";
		};
/* End PBXGroup section */

/* Begin PBXNativeTarget section */
		162AE79D25EB49D700514727 /* Badly Drawn Dinos */ = {
			isa = PBXNativeTarget;
			buildConfigurationList = 162AE7AF25EB49D700514727 /* Build configuration list for PBXNativeTarget "Badly Drawn Dinos" */;
			buildPhases = (
				162AE79C25EB49D700514727 /* Resources */,
				162AE7AE25EB49D700514727 /* Embed App Extensions */,
			);
			buildRules = (
			);
			dependencies = (
				162AE7A525EB49D700514727 /* PBXTargetDependency */,
			);
			name = "Badly Drawn Dinos";
			productName = "Badly Drawn Dinos";
			productReference = 162AE79E25EB49D700514727 /* Badly Drawn Dinos.app */;
			productType = "com.apple.product-type.application.messages";
		};
		162AE7A125EB49D700514727 /* Badly Drawn Dinos StickerPackExtension */ = {
			isa = PBXNativeTarget;
			buildConfigurationList = 162AE7AB25EB49D700514727 /* Build configuration list for PBXNativeTarget "Badly Drawn Dinos StickerPackExtension" */;
			buildPhases = (
				162AE7A025EB49D700514727 /* Resources */,
			);
			buildRules = (
			);
			dependencies = (
			);
			name = "Badly Drawn Dinos StickerPackExtension";
			productName = "Badly Drawn Dinos StickerPackExtension";
			productReference = 162AE7A225EB49D700514727 /* Badly Drawn Dinos StickerPackExtension.appex */;
			productType = "com.apple.product-type.app-extension.messages-sticker-pack";
		};
/* End PBXNativeTarget section */

/* Begin PBXProject section */
		162AE79825EB49D700514727 /* Project object */ = {
			isa = PBXProject;
			attributes = {
				LastUpgradeCheck = 1240;
				TargetAttributes = {
					162AE79D25EB49D700514727 = {
						CreatedOnToolsVersion = 12.4;
					};
					162AE7A125EB49D700514727 = {
						CreatedOnToolsVersion = 12.4;
					};
				};
			};
			buildConfigurationList = 162AE79B25EB49D700514727 /* Build configuration list for PBXProject "Badly Drawn Dinos" */;
			compatibilityVersion = "Xcode 9.3";
			developmentRegion = en;
			hasScannedForEncodings = 0;
			knownRegions = (
				en,
				Base,
			);
			mainGroup = 162AE79725EB49D700514727;
			productRefGroup = 162AE79F25EB49D700514727 /* Products */;
			projectDirPath = "";
			projectRoot = "";
			targets = (
				162AE79D25EB49D700514727 /* Badly Drawn Dinos */,
				162AE7A125EB49D700514727 /* Badly Drawn Dinos StickerPackExtension */,
			);
		};
/* End PBXProject section */

/* Begin PBXResourcesBuildPhase section */
		162AE79C25EB49D700514727 /* Resources */ = {
			isa = PBXResourcesBuildPhase;
			buildActionMask = 2147483647;
			files = (
				162AE7A825EB49D700514727 /* Stickers.xcstickers in Resources */,
			);
			runOnlyForDeploymentPostprocessing = 0;
		};
		162AE7A025EB49D700514727 /* Resources */ = {
			isa = PBXResourcesBuildPhase;
			buildActionMask = 2147483647;
			files = (
				162AE7A725EB49D700514727 /* Stickers.xcstickers in Resources */,
			);
			runOnlyForDeploymentPostprocessing = 0;
		};
/* End PBXResourcesBuildPhase section */

/* Begin PBXTargetDependency section */
		162AE7A525EB49D700514727 /* PBXTargetDependency */ = {
			isa = PBXTargetDependency;
			target = 162AE7A125EB49D700514727 /* Badly Drawn Dinos StickerPackExtension */;
			targetProxy = 162AE7A425EB49D700514727 /* PBXContainerItemProxy */;
		};
/* End PBXTargetDependency section */

/* Begin XCBuildConfiguration section */
		162AE7A925EB49D700514727 /* Debug */ = {
			isa = XCBuildConfiguration;
			buildSettings = {
				ALWAYS_SEARCH_USER_PATHS = NO;
				CLANG_ANALYZER_NONNULL = YES;
				CLANG_ANALYZER_NUMBER_OBJECT_CONVERSION = YES_AGGRESSIVE;
				CLANG_CXX_LANGUAGE_STANDARD = "gnu++14";
				CLANG_CXX_LIBRARY = "libc++";
				CLANG_ENABLE_MODULES = YES;
				CLANG_ENABLE_OBJC_ARC = YES;
				CLANG_ENABLE_OBJC_WEAK = YES;
				CLANG_WARN_BLOCK_CAPTURE_AUTORELEASING = YES;
				CLANG_WARN_BOOL_CONVERSION = YES;
				CLANG_WARN_COMMA = YES;
				CLANG_WARN_CONSTANT_CONVERSION = YES;
				CLANG_WARN_DEPRECATED_OBJC_IMPLEMENTATIONS = YES;
				CLANG_WARN_DIRECT_OBJC_ISA_USAGE = YES_ERROR;
				CLANG_WARN_DOCUMENTATION_COMMENTS = YES;
				CLANG_WARN_EMPTY_BODY = YES;
				CLANG_WARN_ENUM_CONVERSION = YES;
				CLANG_WARN_INFINITE_RECURSION = YES;
				CLANG_WARN_INT_CONVERSION = YES;
				CLANG_WARN_NON_LITERAL_NULL_CONVERSION = YES;
				CLANG_WARN_OBJC_IMPLICIT_RETAIN_SELF = YES;
				CLANG_WARN_OBJC_LITERAL_CONVERSION = YES;
				CLANG_WARN_OBJC_ROOT_CLASS = YES_ERROR;
				CLANG_WARN_QUOTED_INCLUDE_IN_FRAMEWORK_HEADER = YES;
				CLANG_WARN_RANGE_LOOP_ANALYSIS = YES;
				CLANG_WARN_STRICT_PROTOTYPES = YES;
				CLANG_WARN_SUSPICIOUS_MOVE = YES;
				CLANG_WARN_UNGUARDED_AVAILABILITY = YES_AGGRESSIVE;
				CLANG_WARN_UNREACHABLE_CODE = YES;
				CLANG_WARN__DUPLICATE_METHOD_MATCH = YES;
				COPY_PHASE_STRIP = NO;
				DEBUG_INFORMATION_FORMAT = dwarf;
				ENABLE_STRICT_OBJC_MSGSEND = YES;
				ENABLE_TESTABILITY = YES;
				GCC_C_LANGUAGE_STANDARD = gnu11;
				GCC_DYNAMIC_NO_PIC = NO;
				GCC_NO_COMMON_BLOCKS = YES;
				GCC_OPTIMIZATION_LEVEL = 0;
				GCC_PREPROCESSOR_DEFINITIONS = (
					"DEBUG=1",
					"$(inherited)",
				);
				GCC_WARN_64_TO_32_BIT_CONVERSION = YES;
				GCC_WARN_ABOUT_RETURN_TYPE = YES_ERROR;
				GCC_WARN_UNDECLARED_SELECTOR = YES;
				GCC_WARN_UNINITIALIZED_AUTOS = YES_AGGRESSIVE;
				GCC_WARN_UNUSED_FUNCTION = YES;
				GCC_WARN_UNUSED_VARIABLE = YES;
				IPHONEOS_DEPLOYMENT_TARGET = 14.4;
				MTL_ENABLE_DEBUG_INFO = INCLUDE_SOURCE;
				MTL_FAST_MATH = YES;
				ONLY_ACTIVE_ARCH = YES;
				SDKROOT = iphoneos;
			};
			name = Debug;
		};
		162AE7AA25EB49D700514727 /* Release */ = {
			isa = XCBuildConfiguration;
			buildSettings = {
				ALWAYS_SEARCH_USER_PATHS = NO;
				CLANG_ANALYZER_NONNULL = YES;
				CLANG_ANALYZER_NUMBER_OBJECT_CONVERSION = YES_AGGRESSIVE;
				CLANG_CXX_LANGUAGE_STANDARD = "gnu++14";
				CLANG_CXX_LIBRARY = "libc++";
				CLANG_ENABLE_MODULES = YES;
				CLANG_ENABLE_OBJC_ARC = YES;
				CLANG_ENABLE_OBJC_WEAK = YES;
				CLANG_WARN_BLOCK_CAPTURE_AUTORELEASING = YES;
				CLANG_WARN_BOOL_CONVERSION = YES;
				CLANG_WARN_COMMA = YES;
				CLANG_WARN_CONSTANT_CONVERSION = YES;
				CLANG_WARN_DEPRECATED_OBJC_IMPLEMENTATIONS = YES;
				CLANG_WARN_DIRECT_OBJC_ISA_USAGE = YES_ERROR;
				CLANG_WARN_DOCUMENTATION_COMMENTS = YES;
				CLANG_WARN_EMPTY_BODY = YES;
				CLANG_WARN_ENUM_CONVERSION = YES;
				CLANG_WARN_INFINITE_RECURSION = YES;
				CLANG_WARN_INT_CONVERSION = YES;
				CLANG_WARN_NON_LITERAL_NULL_CONVERSION = YES;
				CLANG_WARN_OBJC_IMPLICIT_RETAIN_SELF = YES;
				CLANG_WARN_OBJC_LITERAL_CONVERSION = YES;
				CLANG_WARN_OBJC_ROOT_CLASS = YES_ERROR;
				CLANG_WARN_QUOTED_INCLUDE_IN_FRAMEWORK_HEADER = YES;
				CLANG_WARN_RANGE_LOOP_ANALYSIS = YES;
				CLANG_WARN_STRICT_PROTOTYPES = YES;
				CLANG_WARN_SUSPICIOUS_MOVE = YES;
				CLANG_WARN_UNGUARDED_AVAILABILITY = YES_AGGRESSIVE;
				CLANG_WARN_UNREACHABLE_CODE = YES;
				CLANG_WARN__DUPLICATE_METHOD_MATCH = YES;
				COPY_PHASE_STRIP = NO;
				DEBUG_INFORMATION_FORMAT = "dwarf-with-dsym";
				ENABLE_NS_ASSERTIONS = NO;
				ENABLE_STRICT_OBJC_MSGSEND = YES;
				GCC_C_LANGUAGE_STANDARD = gnu11;
				GCC_NO_COMMON_BLOCKS = YES;
				GCC_WARN_64_TO_32_BIT_CONVERSION = YES;
				GCC_WARN_ABOUT_RETURN_TYPE = YES_ERROR;
				GCC_WARN_UNDECLARED_SELECTOR = YES;
				GCC_WARN_UNINITIALIZED_AUTOS = YES_AGGRESSIVE;
				GCC_WARN_UNUSED_FUNCTION = YES;
				GCC_WARN_UNUSED_VARIABLE = YES;
				IPHONEOS_DEPLOYMENT_TARGET = 14.4;
				MTL_ENABLE_DEBUG_INFO = NO;
				MTL_FAST_MATH = YES;
				SDKROOT = iphoneos;
				VALIDATE_PRODUCT = YES;
			};
			name = Release;
		};
		162AE7AC25EB49D700514727 /* Debug */ = {
			isa = XCBuildConfiguration;
			buildSettings = {
				ASSETCATALOG_COMPILER_APPICON_NAME = "iMessage App Icon";
				CODE_SIGN_STYLE = Automatic;
				DEVELOPMENT_TEAM = JS93QYA2R2;
				INFOPLIST_FILE = "Badly Drawn Dinos StickerPackExtension/Info.plist";
				IPHONEOS_DEPLOYMENT_TARGET = 10.0;
				PRODUCT_BUNDLE_IDENTIFIER = "com.maxwofford.Badly-Drawn-Dinos.StickerPackExtension";
				PRODUCT_NAME = "$(TARGET_NAME)";
				SKIP_INSTALL = YES;
				TARGETED_DEVICE_FAMILY = "1,2";
			};
			name = Debug;
		};
		162AE7AD25EB49D700514727 /* Release */ = {
			isa = XCBuildConfiguration;
			buildSettings = {
				ASSETCATALOG_COMPILER_APPICON_NAME = "iMessage App Icon";
				CODE_SIGN_STYLE = Automatic;
				DEVELOPMENT_TEAM = JS93QYA2R2;
				INFOPLIST_FILE = "Badly Drawn Dinos StickerPackExtension/Info.plist";
				IPHONEOS_DEPLOYMENT_TARGET = 10.0;
				PRODUCT_BUNDLE_IDENTIFIER = "com.maxwofford.Badly-Drawn-Dinos.StickerPackExtension";
				PRODUCT_NAME = "$(TARGET_NAME)";
				SKIP_INSTALL = YES;
				TARGETED_DEVICE_FAMILY = "1,2";
			};
			name = Release;
		};
		162AE7B025EB49D700514727 /* Debug */ = {
			isa = XCBuildConfiguration;
			buildSettings = {
				ASSETCATALOG_COMPILER_APPICON_NAME = "iMessage App Icon";
				CODE_SIGN_STYLE = Automatic;
				DEVELOPMENT_TEAM = JS93QYA2R2;
				INFOPLIST_FILE = "Badly Drawn Dinos/Info.plist";
				IPHONEOS_DEPLOYMENT_TARGET = 10.0;
				PRODUCT_BUNDLE_IDENTIFIER = "com.maxwofford.Badly-Drawn-Dinos";
				PRODUCT_NAME = "$(TARGET_NAME)";
				TARGETED_DEVICE_FAMILY = "1,2";
			};
			name = Debug;
		};
		162AE7B125EB49D700514727 /* Release */ = {
			isa = XCBuildConfiguration;
			buildSettings = {
				ASSETCATALOG_COMPILER_APPICON_NAME = "iMessage App Icon";
				CODE_SIGN_STYLE = Automatic;
				DEVELOPMENT_TEAM = JS93QYA2R2;
				INFOPLIST_FILE = "Badly Drawn Dinos/Info.plist";
				IPHONEOS_DEPLOYMENT_TARGET = 10.0;
				PRODUCT_BUNDLE_IDENTIFIER = "com.maxwofford.Badly-Drawn-Dinos";
				PRODUCT_NAME = "$(TARGET_NAME)";
				TARGETED_DEVICE_FAMILY = "1,2";
			};
			name = Release;
		};
/* End XCBuildConfiguration section */

/* Begin XCConfigurationList section */
		162AE79B25EB49D700514727 /* Build configuration list for PBXProject "Badly Drawn Dinos" */ = {
			isa = XCConfigurationList;
			buildConfigurations = (
				162AE7A925EB49D700514727 /* Debug */,
				162AE7AA25EB49D700514727 /* Release */,
			);
			defaultConfigurationIsVisible = 0;
			defaultConfigurationName = Release;
		};
		162AE7AB25EB49D700514727 /* Build configuration list for PBXNativeTarget "Badly Drawn Dinos StickerPackExtension" */ = {
			isa = XCConfigurationList;
			buildConfigurations = (
				162AE7AC25EB49D700514727 /* Debug */,
				162AE7AD25EB49D700514727 /* Release */,
			);
			defaultConfigurationIsVisible = 0;
			defaultConfigurationName = Release;
		};
		162AE7AF25EB49D700514727 /* Build configuration list for PBXNativeTarget "Badly Drawn Dinos" */ = {
			isa = XCConfigurationList;
			buildConfigurations = (
				162AE7B025EB49D700514727 /* Debug */,
				162AE7B125EB49D700514727 /* Release */,
			);
			defaultConfigurationIsVisible = 0;
			defaultConfigurationName = Release;
		};
/* End XCConfigurationList section */
	};
	rootObject = 162AE79825EB49D700514727 /* Project object */;
}
